lockfileVersion: '9.0'

settings:
  autoInstallPeers: true
  excludeLinksFromLockfile: false

importers:

  .:
    dependencies:
      '@hookform/resolvers':
        specifier: ^3.3.2
        version: 3.9.1(react-hook-form@7.54.1(react@18.0.0))
      class-variance-authority:
        specifier: ^0.7.1
        version: 0.7.1
      clsx:
        specifier: ^2.1.1
        version: 2.1.1
      googlemaps:
        specifier: latest
        version: 1.12.0
      immer:
        specifier: latest
        version: 10.1.3
      leaflet:
        specifier: ^1.9.4
        version: 1.9.4
      lucide-react:
        specifier: ^0.454.0
        version: 0.454.0(react@18.0.0)
      next:
        specifier: 14.2.16
        version: 14.2.16(react-dom@18.0.0(react@18.0.0))(react@18.0.0)
      next-themes:
        specifier: latest
        version: 0.4.6(react-dom@18.0.0(react@18.0.0))(react@18.0.0)
      react:
        specifier: ^18
        version: 18.0.0
      react-dom:
        specifier: ^18
        version: 18.0.0(react@18.0.0)
      react-hook-form:
        specifier: ^7.48.2
        version: 7.54.1(react@18.0.0)
      react-leaflet:
        specifier: ^4.2.1
        version: 4.2.1(leaflet@1.9.4)(react-dom@18.0.0(react@18.0.0))(react@18.0.0)
      sonner:
        specifier: latest
        version: 2.0.7(react-dom@18.0.0(react@18.0.0))(react@18.0.0)
      tailwind-merge:
        specifier: ^2.5.5
        version: 2.5.5
      tailwindcss-animate:
        specifier: ^1.0.7
        version: 1.0.7(tailwindcss@4.1.13)
      use-sync-external-store:
        specifier: latest
        version: 1.5.0(react@18.0.0)
      zod:
        specifier: ^3.22.4
        version: 3.24.1
      zustand:
        specifier: latest
        version: 5.0.8(@types/react@18.0.0)(immer@10.1.3)(react@18.0.0)(use-sync-external-store@1.5.0(react@18.0.0))
    devDependencies:
      '@types/leaflet':
        specifier: ^1.9.8
        version: 1.9.8
      '@types/node':
        specifier: ^22
        version: 22.0.0
      '@types/react':
        specifier: ^18
        version: 18.0.0
      '@types/react-dom':
        specifier: ^18
        version: 18.0.0
      postcss:
        specifier: ^8.5
        version: 8.5.4
      tailwindcss:
        specifier: 4.1.13
        version: 4.1.13
      typescript:
        specifier: ^5
        version: 5.0.2

packages:

  '@hookform/resolvers@3.9.1':
    resolution: {integrity: sha512-ud2HqmGBM0P0IABqoskKWI6PEf6ZDDBZkFqe2Vnl+mTHCEHzr3ISjjZyCwTjC/qpL25JC9aIDkloQejvMeq0ug==}
    peerDependencies:
      react-hook-form: ^7.0.0

  '@next/env@14.2.16':
    resolution: {integrity: sha512-fLrX5TfJzHCbnZ9YUSnGW63tMV3L4nSfhgOQ0iCcX21Pt+VSTDuaLsSuL8J/2XAiVA5AnzvXDpf6pMs60QxOag==}

  '@next/swc-darwin-arm64@14.2.16':
    resolution: {integrity: sha512-uFT34QojYkf0+nn6MEZ4gIWQ5aqGF11uIZ1HSxG+cSbj+Mg3+tYm8qXYd3dKN5jqKUm5rBVvf1PBRO/MeQ6rxw==}
    engines: {node: '>= 10'}
    cpu: [arm64]
    os: [darwin]

  '@next/swc-darwin-x64@14.2.16':
    resolution: {integrity: sha512-mCecsFkYezem0QiZlg2bau3Xul77VxUD38b/auAjohMA22G9KTJneUYMv78vWoCCFkleFAhY1NIvbyjj1ncG9g==}
    engines: {node: '>= 10'}
    cpu: [x64]
    os: [darwin]

  '@next/swc-linux-arm64-gnu@14.2.16':
    resolution: {integrity: sha512-yhkNA36+ECTC91KSyZcgWgKrYIyDnXZj8PqtJ+c2pMvj45xf7y/HrgI17hLdrcYamLfVt7pBaJUMxADtPaczHA==}
    engines: {node: '>= 10'}
    cpu: [arm64]
    os: [linux]

  '@next/swc-linux-arm64-musl@14.2.16':
    resolution: {integrity: sha512-X2YSyu5RMys8R2lA0yLMCOCtqFOoLxrq2YbazFvcPOE4i/isubYjkh+JCpRmqYfEuCVltvlo+oGfj/b5T2pKUA==}
    engines: {node: '>= 10'}
    cpu: [arm64]
    os: [linux]

  '@next/swc-linux-x64-gnu@14.2.16':
    resolution: {integrity: sha512-9AGcX7VAkGbc5zTSa+bjQ757tkjr6C/pKS7OK8cX7QEiK6MHIIezBLcQ7gQqbDW2k5yaqba2aDtaBeyyZh1i6Q==}
    engines: {node: '>= 10'}
    cpu: [x64]
    os: [linux]

  '@next/swc-linux-x64-musl@14.2.16':
    resolution: {integrity: sha512-Klgeagrdun4WWDaOizdbtIIm8khUDQJ/5cRzdpXHfkbY91LxBXeejL4kbZBrpR/nmgRrQvmz4l3OtttNVkz2Sg==}
    engines: {node: '>= 10'}
    cpu: [x64]
    os: [linux]

  '@next/swc-win32-arm64-msvc@14.2.16':
    resolution: {integrity: sha512-PwW8A1UC1Y0xIm83G3yFGPiOBftJK4zukTmk7DI1CebyMOoaVpd8aSy7K6GhobzhkjYvqS/QmzcfsWG2Dwizdg==}
    engines: {node: '>= 10'}
    cpu: [arm64]
    os: [win32]

  '@next/swc-win32-ia32-msvc@14.2.16':
    resolution: {integrity: sha512-jhPl3nN0oKEshJBNDAo0etGMzv0j3q3VYorTSFqH1o3rwv1MQRdor27u1zhkgsHPNeY1jxcgyx1ZsCkDD1IHgg==}
    engines: {node: '>= 10'}
    cpu: [ia32]
    os: [win32]

  '@next/swc-win32-x64-msvc@14.2.16':
    resolution: {integrity: sha512-OA7NtfxgirCjfqt+02BqxC3MIgM/JaGjw9tOe4fyZgPsqfseNiMPnCRP44Pfs+Gpo9zPN+SXaFsgP6vk8d571A==}
    engines: {node: '>= 10'}
    cpu: [x64]
    os: [win32]

  '@react-leaflet/core@2.1.0':
    resolution: {integrity: sha512-Qk7Pfu8BSarKGqILj4x7bCSZ1pjuAPZ+qmRwH5S7mDS91VSbVVsJSrW4qA+GPrro8t69gFYVMWb1Zc4yFmPiVg==}
    peerDependencies:
      leaflet: ^1.9.0
      react: ^18.0.0
      react-dom: ^18.0.0

  '@swc/counter@0.1.3':
    resolution: {integrity: sha512-e2BR4lsJkkRlKZ/qCHPw9ZaSxc0MVUd7gtbtaB7aMvHeJVYe8sOB8DBZkP2DtISHGSku9sCK6T6cnY0CtXrOCQ==}

  '@swc/helpers@0.5.5':
    resolution: {integrity: sha512-KGYxvIOXcceOAbEk4bi/dVLEK9z8sZ0uBB3Il5b1rhfClSpcX0yfRO0KmTkqR2cnQDymwLB+25ZyMzICg/cm/A==}

  '@types/geojson@7946.0.16':
    resolution: {integrity: sha512-6C8nqWur3j98U6+lXDfTUWIfgvZU+EumvpHKcYjujKH7woYyLj2sUmff0tRhrqM7BohUw7Pz3ZB1jj2gW9Fvmg==}

  '@types/leaflet@1.9.8':
    resolution: {integrity: sha512-EXdsL4EhoUtGm2GC2ZYtXn+Fzc6pluVgagvo2VC1RHWToLGlTRwVYoDpqS/7QXa01rmDyBjJk3Catpf60VMkwg==}

  '@types/node@22.0.0':
    resolution: {integrity: sha512-VT7KSYudcPOzP5Q0wfbowyNLaVR8QWUdw+088uFWwfvpY6uCWaXpqV6ieLAu9WBcnTa7H4Z5RLK8I5t2FuOcqw==}

  '@types/prop-types@15.7.14':
    resolution: {integrity: sha512-gNMvNH49DJ7OJYv+KAKn0Xp45p8PLl6zo2YnvDIbTd4J6MER2BmWN49TG7n9LvkyihINxeKW8+3bfS2yDC9dzQ==}

  '@types/react-dom@18.0.0':
    resolution: {integrity: sha512-49897Y0UiCGmxZqpC8Blrf6meL8QUla6eb+BBhn69dTXlmuOlzkfr7HHY/O8J25e1lTUMs+YYxSlVDAaGHCOLg==}

  '@types/react@18.0.0':
    resolution: {integrity: sha512-7+K7zEQYu7NzOwQGLR91KwWXXDzmTFODRVizJyIALf6RfLv2GDpqpknX64pvRVILXCpXi7O/pua8NGk44dLvJw==}

  '@types/scheduler@0.26.0':
    resolution: {integrity: sha512-WFHp9YUJQ6CKshqoC37iOlHnQSmxNc795UhB26CyBBttrN9svdIrUjl/NjnNmfcwtncN0h/0PPAFWv9ovP8mLA==}

  ajv@6.12.6:
    resolution: {integrity: sha512-j3fVLgvTo527anyYyJOGTYJbG+vnnQYvE0m5mmkc1TK+nxAppkCLMIL0aZ4dblVCNoGShhm+kzE4ZUykBoMg4g==}

  asn1@0.2.6:
    resolution: {integrity: sha512-ix/FxPn0MDjeyJ7i/yoHGFt/EX6LyNbxSEhPPXODPL+KB0VPk86UYfL0lMdy+KCnv+fmvIzySwaK5COwqVbWTQ==}

  assert-plus@1.0.0:
    resolution: {integrity: sha512-NfJ4UzBCcQGLDlQq7nHxH+tv3kyZ0hHQqF5BO6J7tNJeP5do1llPr8dZ8zHonfhAu0PHAdMkSo+8o0wxg9lZWw==}
    engines: {node: '>=0.8'}

  asynckit@0.4.0:
    resolution: {integrity: sha512-Oei9OH4tRh0YqU3GxhX79dM/mwVgvbZJaSNaRk+bshkj0S5cfHcgYakreBjrHwatXKbz+IoIdYLxrKim2MjW0Q==}

  aws-sign2@0.7.0:
    resolution: {integrity: sha512-08kcGqnYf/YmjoRhfxyu+CLxBjUtHLXLXX/vUfx9l2LYzG3c1m61nrpyFUZI6zeS+Li/wWMMidD9KgrqtGq3mA==}

  aws4@1.13.2:
    resolution: {integrity: sha512-lHe62zvbTB5eEABUVi/AwVh0ZKY9rMMDhmm+eeyuuUQbQ3+J+fONVQOZyj+DdrvD4BY33uYniyRJ4UJIaSKAfw==}

  bcrypt-pbkdf@1.0.2:
    resolution: {integrity: sha512-qeFIXtP4MSoi6NLqO12WfqARWWuCKi2Rn/9hJLEmtB5yTNr9DqFWkJRCf2qShWzPeAMRnOgCrq0sg/KLv5ES9w==}

  busboy@1.6.0:
    resolution: {integrity: sha512-8SFQbg/0hQ9xy3UNTB0YEnsNBbWfhf7RtnzpL7TkBiTBRfrQ9Fxcnz7VJsleJpyp6rVLvXiuORqjlHi5q+PYuA==}
    engines: {node: '>=10.16.0'}

  caniuse-lite@1.0.30001721:
    resolution: {integrity: sha512-cOuvmUVtKrtEaoKiO0rSc29jcjwMwX5tOHDy4MgVFEWiUXj4uBMJkwI8MDySkgXidpMiHUcviogAvFi4pA2hDQ==}

  caseless@0.12.0:
    resolution: {integrity: sha512-4tYFyifaFfGacoiObjJegolkwSU4xQNGbVgUiNYVUxbQ2x2lUsFvY4hVgVzGiIe6WLOPqycWXA40l+PWsxthUw==}

  check-types@1.3.2:
    resolution: {integrity: sha512-Du/XZpADU9LiHAvkaMdGFwhB0JMBbgBaCTgEl+HvY2qBVpBsi2htt2UiZkaMvoiyruBYXbvD1SxxH0IGdf/WJw==}

  class-variance-authority@0.7.1:
    resolution: {integrity: sha512-Ka+9Trutv7G8M6WT6SeiRWz792K5qEqIGEGzXKhAE6xOWAY6pPH8U+9IY3oCMv6kqTmLsv7Xh/2w2RigkePMsg==}

  client-only@0.0.1:
    resolution: {integrity: sha512-IV3Ou0jSMzZrd3pZ48nLkT9DA7Ag1pnPzaiQhpW7c3RbcqqzvzzVu+L8gfqMp/8IM2MQtSiqaCxrrcfu8I8rMA==}

  clsx@2.1.1:
    resolution: {integrity: sha512-eYm0QWBtUrBWZWG0d386OGAw16Z995PiOVo2B7bjWSbHedGl5e0ZWaq65kOGgUSNesEIDkB9ISbTg/JK9dhCZA==}
    engines: {node: '>=6'}

  combined-stream@1.0.8:
    resolution: {integrity: sha512-FQN4MRfuJeHf7cBbBMJFXhKSDq+2kAArBlmRBvcvFE5BB1HZKXtSFASDhdlz9zOYwxh8lDdnvmMOe/+5cdoEdg==}
    engines: {node: '>= 0.8'}

  core-util-is@1.0.2:
    resolution: {integrity: sha512-3lqz5YjWTYnW6dlDa5TLaTCcShfar1e40rmcJVwCBJC6mWlFuj0eCHIElmG1g5kyuJ/GD+8Wn4FFCcz4gJPfaQ==}

  csstype@3.1.3:
    resolution: {integrity: sha512-M1uQkMl8rQK/szD0LNhtqxIPLpimGm8sOBwU7lLnCpSbTyY3yeU1Vc7l4KT5zT4s/yOxHH5O7tIuuLOCnLADRw==}

  dashdash@1.14.1:
    resolution: {integrity: sha512-jRFi8UDGo6j+odZiEpjazZaWqEal3w/basFjQHQEwVtZJGDpxbH1MeYluwCS8Xq5wmLJooDlMgvVarmWfGM44g==}
    engines: {node: '>=0.10'}

  delayed-stream@1.0.0:
    resolution: {integrity: sha512-ZySD7Nf91aLB0RxL4KGrKHBXl7Eds1DAmEdcoVawXnLD7SDhpNgtuII2aAkg7a7QS41jxPSZ17p4VdGnMHk3MQ==}
    engines: {node: '>=0.4.0'}

  ecc-jsbn@0.1.2:
    resolution: {integrity: sha512-eh9O+hwRHNbG4BLTjEl3nw044CkGm5X6LoaCf7LPp7UU8Qrt47JYNi6nPX8xjW97TKGKm1ouctg0QSpZe9qrnw==}

  extend@3.0.2:
    resolution: {integrity: sha512-fjquC59cD7CyW6urNXK0FBufkZcoiGG80wTuPujX590cB5Ttln20E2UB4S/WARVqhXffZl2LNgS+gQdPIIim/g==}

  extsprintf@1.3.0:
    resolution: {integrity: sha512-11Ndz7Nv+mvAC1j0ktTa7fAb0vLyGGX+rMHNBYQviQDGU0Hw7lhctJANqbPhu9nV9/izT/IntTgZ7Im/9LJs9g==}
    engines: {'0': node >=0.6.0}

  fast-deep-equal@3.1.3:
    resolution: {integrity: sha512-f3qQ9oQy9j2AhBe/H9VC91wLmKBCCU/gDOnKNAYG5hswO7BLKj09Hc5HYNz9cGI++xlpDCIgDaitVs03ATR84Q==}

  fast-json-stable-stringify@2.1.0:
    resolution: {integrity: sha512-lhd/wF+Lk98HZoTCtlVraHtfh5XYijIjalXck7saUtuanSDyLMxnHhSXEDJqHxD7msR8D0uCmqlkwjCV8xvwHw==}

  forever-agent@0.6.1:
    resolution: {integrity: sha512-j0KLYPhm6zeac4lz3oJ3o65qvgQCcPubiyotZrXqEaG4hNagNYO8qdlUrX5vwqv9ohqeT/Z3j6+yW067yWWdUw==}

  form-data@2.3.3:
    resolution: {integrity: sha512-1lLKB2Mu3aGP1Q/2eCOx0fNbRMe7XdwktwOruhfqqd0rIJWwN4Dh+E3hrPSlDCXnSR7UtZ1N38rVXm+6+MEhJQ==}
    engines: {node: '>= 0.12'}

  getpass@0.1.7:
    resolution: {integrity: sha512-0fzj9JxOLfJ+XGLhR8ze3unN0KZCgZwiSSDz168VERjK8Wl8kVSdcu2kspd4s4wtAa1y/qrVRiAA0WclVsu0ng==}

  googlemaps@1.12.0:
    resolution: {integrity: sha512-TwcEvPJmpWtJFAVMApUGDX89dURJjJFTPr4EiaoYy8g3BIgKzeXwjUdDSJ1Id1fqJm/lbQedWFiDnV/1EE6wxg==}
    engines: {node: '>=0.3.6'}

  graceful-fs@4.2.11:
    resolution: {integrity: sha512-RbJ5/jmFcNNCcDV5o9eTnBLJ/HszWV0P73bc+Ff4nS/rJj+YaS6IGyiOL0VoBYX+l1Wrl3k63h/KrH+nhJ0XvQ==}

  har-schema@2.0.0:
    resolution: {integrity: sha512-Oqluz6zhGX8cyRaTQlFMPw80bSJVG2x/cFb8ZPhUILGgHka9SsokCCOQgpveePerqidZOrT14ipqfJb7ILcW5Q==}
    engines: {node: '>=4'}

  har-validator@5.1.5:
    resolution: {integrity: sha512-nmT2T0lljbxdQZfspsno9hgrG3Uir6Ks5afism62poxqBM6sDnMEuPmzTq8XN0OEwqKLLdh1jQI3qyE66Nzb3w==}
    engines: {node: '>=6'}
    deprecated: this library is no longer supported

  http-signature@1.2.0:
    resolution: {integrity: sha512-CAbnr6Rz4CYQkLYUtSNXxQPUH2gK8f3iWexVlsnMeD+GjlsQ0Xsy1cOX+mN3dtxYomRy21CiOzU8Uhw6OwncEQ==}
    engines: {node: '>=0.8', npm: '>=1.3.7'}

  immer@10.1.3:
    resolution: {integrity: sha512-tmjF/k8QDKydUlm3mZU+tjM6zeq9/fFpPqH9SzWmBnVVKsPBg/V66qsMwb3/Bo90cgUN+ghdVBess+hPsxUyRw==}

  is-typedarray@1.0.0:
    resolution: {integrity: sha512-cyA56iCMHAh5CdzjJIa4aohJyeO1YbwLi3Jc35MmRU6poroFjIGZzUzupGiRPOjgHg9TLu43xbpwXk523fMxKA==}

  isstream@0.1.2:
    resolution: {integrity: sha512-Yljz7ffyPbrLpLngrMtZ7NduUgVvi6wG9RJ9IUcyCd59YQ911PBJphODUcbOVbqYfxe1wuYf/LJ8PauMRwsM/g==}

  js-tokens@4.0.0:
    resolution: {integrity: sha512-RdJUflcE3cUzKiMqQgsCu06FPu9UdIJO0beYbPhHN4k6apgJtifcoCtT9bcxOpYBtpD2kCM6Sbzg4CausW/PKQ==}

  jsbn@0.1.1:
    resolution: {integrity: sha512-UVU9dibq2JcFWxQPA6KCqj5O42VOmAY3zQUfEKxU0KpTGXwNoCjkX1e13eHNvw/xPynt6pU0rZ1htjWTNTSXsg==}

  json-schema-traverse@0.4.1:
    resolution: {integrity: sha512-xbbCH5dCYU5T8LcEhhuh7HJ88HXuW3qsI3Y0zOZFKfZEHcpWiHU/Jxzk629Brsab/mMiHQti9wMP+845RPe3Vg==}

  json-schema@0.4.0:
    resolution: {integrity: sha512-es94M3nTIfsEPisRafak+HDLfHXnKBhV3vU5eqPcS3flIWqcxJWgXHXiey3YrpaNsanY5ei1VoYEbOzijuq9BA==}

  json-stringify-safe@5.0.1:
    resolution: {integrity: sha512-ZClg6AaYvamvYEE82d3Iyd3vSSIjQ+odgjaTzRuO3s7toCdFKczob2i0zCh7JE8kWn17yvAWhUVxvqGwUalsRA==}

  jsprim@1.4.2:
    resolution: {integrity: sha512-P2bSOMAc/ciLz6DzgjVlGJP9+BrJWu5UDGK70C2iweC5QBIeFf0ZXRvGjEj2uYgrY2MkAAhsSWHDWlFtEroZWw==}
    engines: {node: '>=0.6.0'}

  leaflet@1.9.4:
    resolution: {integrity: sha512-nxS1ynzJOmOlHp+iL3FyWqK89GtNL8U8rvlMOsQdTTssxZwCXh8N2NB3GDQOL+YR3XnWyZAxwQixURb+FA74PA==}

  loose-envify@1.4.0:
    resolution: {integrity: sha512-lyuxPGr/Wfhrlem2CL/UcnUc1zcqKAImBDzukY7Y5F/yQiNdko6+fRLevlw1HgMySw7f611UIY408EtxRSoK3Q==}
    hasBin: true

  lucide-react@0.454.0:
    resolution: {integrity: sha512-hw7zMDwykCLnEzgncEEjHeA6+45aeEzRYuKHuyRSOPkhko+J3ySGjGIzu+mmMfDFG1vazHepMaYFYHbTFAZAAQ==}
    peerDependencies:
      react: ^16.5.1 || ^17.0.0 || ^18.0.0 || ^19.0.0-rc

  mime-db@1.52.0:
    resolution: {integrity: sha512-sPU4uV7dYlvtWJxwwxHD0PuihVNiE7TyAbQ5SWxDCB9mUYvOgroQOwYQQOKPJ8CIbE+1ETVlOoK1UC2nU3gYvg==}
    engines: {node: '>= 0.6'}

  mime-types@2.1.35:
    resolution: {integrity: sha512-ZDY+bPm5zTTF+YpCrAU9nK0UgICYPT0QtT1NZWFv4s++TNkcgVaT0g6+4R2uI4MjQjzysHB1zxuWL50hzaeXiw==}
    engines: {node: '>= 0.6'}

  nanoid@3.3.11:
    resolution: {integrity: sha512-N8SpfPUnUp1bK+PMYW8qSWdl9U+wwNWI4QKxOYDy9JAro3WMX7p2OeVRF9v+347pnakNevPmiHhNmZ2HbFA76w==}
    engines: {node: ^10 || ^12 || ^13.7 || ^14 || >=15.0.1}
    hasBin: true

  next-themes@0.4.6:
    resolution: {integrity: sha512-pZvgD5L0IEvX5/9GWyHMf3m8BKiVQwsCMHfoFosXtXBMnaS0ZnIJ9ST4b4NqLVKDEm8QBxoNNGNaBv2JNF6XNA==}
    peerDependencies:
      react: ^16.8 || ^17 || ^18 || ^19 || ^19.0.0-rc
      react-dom: ^16.8 || ^17 || ^18 || ^19 || ^19.0.0-rc

  next@14.2.16:
    resolution: {integrity: sha512-LcO7WnFu6lYSvCzZoo1dB+IO0xXz5uEv52HF1IUN0IqVTUIZGHuuR10I5efiLadGt+4oZqTcNZyVVEem/TM5nA==}
    engines: {node: '>=18.17.0'}
    hasBin: true
    peerDependencies:
      '@opentelemetry/api': ^1.1.0
      '@playwright/test': ^1.41.2
      react: ^18.2.0
      react-dom: ^18.2.0
      sass: ^1.3.0
    peerDependenciesMeta:
      '@opentelemetry/api':
        optional: true
      '@playwright/test':
        optional: true
      sass:
        optional: true

  oauth-sign@0.9.0:
    resolution: {integrity: sha512-fexhUFFPTGV8ybAtSIGbV6gOkSv8UtRbDBnAyLQw4QPKkgNlsH2ByPGtMUqdWkos6YCRmAqViwgZrJc/mRDzZQ==}

  performance-now@2.1.0:
    resolution: {integrity: sha512-7EAHlyLHI56VEIdK57uwHdHKIaAGbnXPiw0yWbarQZOKaKpvUIgW0jWRVLiatnM+XXlSwsanIBH/hzGMJulMow==}

  picocolors@1.1.1:
    resolution: {integrity: sha512-xceH2snhtb5M9liqDsmEw56le376mTZkEX/jEb/RxNFyegNul7eNslCXP9FDj/Lcu0X8KEyMceP2ntpaHrDEVA==}

  postcss@8.4.31:
    resolution: {integrity: sha512-PS08Iboia9mts/2ygV3eLpY5ghnUcfLV/EXTOW1E2qYxJKGGBUtNjN76FYHnMs36RmARn41bC0AZmn+rR0OVpQ==}
    engines: {node: ^10 || ^12 || >=14}

  postcss@8.5.4:
    resolution: {integrity: sha512-QSa9EBe+uwlGTFmHsPKokv3B/oEMQZxfqW0QqNCyhpa6mB1afzulwn8hihglqAb2pOw+BJgNlmXQ8la2VeHB7w==}
    engines: {node: ^10 || ^12 || >=14}

  psl@1.15.0:
    resolution: {integrity: sha512-JZd3gMVBAVQkSs6HdNZo9Sdo0LNcQeMNP3CozBJb3JYC/QUYZTnKxP+f8oWRX4rHP5EurWxqAHTSwUCjlNKa1w==}

  punycode@2.3.1:
    resolution: {integrity: sha512-vYt7UD1U9Wg6138shLtLOvdAu+8DsC/ilFtEVHcH+wydcSpNE20AfSOduf6MkRFahL5FY7X1oU7nKVZFtfq8Fg==}
    engines: {node: '>=6'}

  qs@4.0.0:
    resolution: {integrity: sha512-8MPmJ83uBOPsQj5tQCv4g04/nTiY+d17yl9o3Bw73vC6XlEm2POIRRlOgWJ8i74bkGLII670cDJJZkgiZ2sIkg==}

  qs@6.5.3:
    resolution: {integrity: sha512-qxXIEh4pCGfHICj1mAJQ2/2XVZkjCDTcEgfoSQxc/fYivUZxTkk7L3bDBJSoNrEzXI17oUO5Dp07ktqE5KzczA==}
    engines: {node: '>=0.6'}

  react-dom@18.0.0:
    resolution: {integrity: sha512-XqX7uzmFo0pUceWFCt7Gff6IyIMzFUn7QMZrbrQfGxtaxXZIcGQzoNpRLE3fQLnS4XzLLPMZX2T9TRcSrasicw==}
    peerDependencies:
      react: ^18.0.0

  react-hook-form@7.54.1:
    resolution: {integrity: sha512-PUNzFwQeQ5oHiiTUO7GO/EJXGEtuun2Y1A59rLnZBBj+vNEOWt/3ERTiG1/zt7dVeJEM+4vDX/7XQ/qanuvPMg==}
    engines: {node: '>=18.0.0'}
    peerDependencies:
      react: ^16.8.0 || ^17 || ^18 || ^19

  react-leaflet@4.2.1:
    resolution: {integrity: sha512-p9chkvhcKrWn/H/1FFeVSqLdReGwn2qmiobOQGO3BifX+/vV/39qhY8dGqbdcPh1e6jxh/QHriLXr7a4eLFK4Q==}
    peerDependencies:
      leaflet: ^1.9.0
      react: ^18.0.0
      react-dom: ^18.0.0

  react@18.0.0:
    resolution: {integrity: sha512-x+VL6wbT4JRVPm7EGxXhZ8w8LTROaxPXOqhlGyVSrv0sB1jkyFGgXxJ8LVoPRLvPR6/CIZGFmfzqUa2NYeMr2A==}
    engines: {node: '>=0.10.0'}

  request@2.88.2:
    resolution: {integrity: sha512-MsvtOrfG9ZcrOwAW+Qi+F6HbD0CWXEh9ou77uOb7FM2WPhwT7smM833PzanhJLsgXjN89Ir6V2PczXNnMpwKhw==}
    engines: {node: '>= 6'}
    deprecated: request has been deprecated, see https://github.com/request/request/issues/3142

  safe-buffer@5.2.1:
    resolution: {integrity: sha512-rp3So07KcdmmKbGvgaNxQSJr7bGVSVk5S9Eq1F+ppbRo70+YeaDxkw5Dd8NPN+GD6bjnYm2VuPuCXmpuYvmCXQ==}

  safer-buffer@2.1.2:
    resolution: {integrity: sha512-YZo3K82SD7Riyi0E1EQPojLz7kpepnSQI9IyPbHHg1XXXevb5dJI7tpyN2ADxGcQbHG7vcyRHk0cbwqcQriUtg==}

  scheduler@0.21.0:
    resolution: {integrity: sha512-1r87x5fz9MXqswA2ERLo0EbOAU74DpIUO090gIasYTqlVoJeMcl+Z1Rg7WHz+qtPujhS/hGIt9kxZOYBV3faRQ==}

  sonner@2.0.7:
    resolution: {integrity: sha512-W6ZN4p58k8aDKA4XPcx2hpIQXBRAgyiWVkYhT7CvK6D3iAu7xjvVyhQHg2/iaKJZ1XVJ4r7XuwGL+WGEK37i9w==}
    peerDependencies:
      react: ^18.0.0 || ^19.0.0 || ^19.0.0-rc
      react-dom: ^18.0.0 || ^19.0.0 || ^19.0.0-rc

  source-map-js@1.2.1:
    resolution: {integrity: sha512-UXWMKhLOwVKb728IUtQPXxfYU+usdybtUrK/8uGE8CQMvrhOpwvzDBwj0QhSL7MQc7vIsISBG8VQ8+IDQxpfQA==}
    engines: {node: '>=0.10.0'}

  sshpk@1.18.0:
    resolution: {integrity: sha512-2p2KJZTSqQ/I3+HX42EpYOa2l3f8Erv8MWKsy2I9uf4wA7yFIkXRffYdsx86y6z4vHtV8u7g+pPlr8/4ouAxsQ==}
    engines: {node: '>=0.10.0'}
    hasBin: true

  streamsearch@1.1.0:
    resolution: {integrity: sha512-Mcc5wHehp9aXz1ax6bZUyY5afg9u2rv5cqQI3mRrYkGC8rW2hM02jWuwjtL++LS5qinSyhj2QfLyNsuc+VsExg==}
    engines: {node: '>=10.0.0'}

  styled-jsx@5.1.1:
    resolution: {integrity: sha512-pW7uC1l4mBZ8ugbiZrcIsiIvVx1UmTfw7UkC3Um2tmfUq9Bhk8IiyEIPl6F8agHgjzku6j0xQEZbfA5uSgSaCw==}
    engines: {node: '>= 12.0.0'}
    peerDependencies:
      '@babel/core': '*'
      babel-plugin-macros: '*'
      react: '>= 16.8.0 || 17.x.x || ^18.0.0-0'
    peerDependenciesMeta:
      '@babel/core':
        optional: true
      babel-plugin-macros:
        optional: true

  tailwind-merge@2.5.5:
    resolution: {integrity: sha512-0LXunzzAZzo0tEPxV3I297ffKZPlKDrjj7NXphC8V5ak9yHC5zRmxnOe2m/Rd/7ivsOMJe3JZ2JVocoDdQTRBA==}

  tailwindcss-animate@1.0.7:
    resolution: {integrity: sha512-bl6mpH3T7I3UFxuvDEXLxy/VuFxBk5bbzplh7tXI68mwMokNYd1t9qPBHlnyTwfa4JGC4zP516I1hYYtQ/vspA==}
    peerDependencies:
      tailwindcss: '>=3.0.0 || insiders'

  tailwindcss@4.1.13:
    resolution: {integrity: sha512-i+zidfmTqtwquj4hMEwdjshYYgMbOrPzb9a0M3ZgNa0JMoZeFC6bxZvO8yr8ozS6ix2SDz0+mvryPeBs2TFE+w==}

  tough-cookie@2.5.0:
    resolution: {integrity: sha512-nlLsUzgm1kfLXSXfRZMc1KLAugd4hqJHDTvc2hDIwS3mZAfMEuMbc03SujMF+GEcpaX/qboeycw6iO8JwVv2+g==}
    engines: {node: '>=0.8'}

  tslib@2.8.1:
    resolution: {integrity: sha512-oJFu94HQb+KVduSUQL7wnpmqnfmLsOA/nAh6b6EH0wCEoK0/mPeXU6c3wKDV83MkOuHPRHtSXKKU99IBazS/2w==}

  tunnel-agent@0.6.0:
    resolution: {integrity: sha512-McnNiV1l8RYeY8tBgEpuodCC1mLUdbSN+CYBL7kJsJNInOP8UjDDEwdk6Mw60vdLLrr5NHKZhMAOSrR2NZuQ+w==}

  tweetnacl@0.14.5:
    resolution: {integrity: sha512-KXXFFdAbFXY4geFIwoyNK+f5Z1b7swfXABfL7HXCmoIWMKU3dmS26672A4EeQtDzLKy7SXmfBu51JolvEKwtGA==}

  typescript@5.0.2:
    resolution: {integrity: sha512-wVORMBGO/FAs/++blGNeAVdbNKtIh1rbBL2EyQ1+J9lClJ93KiiKe8PmFIVdXhHcyv44SL9oglmfeSsndo0jRw==}
    engines: {node: '>=12.20'}
    hasBin: true

  undici-types@6.11.1:
    resolution: {integrity: sha512-mIDEX2ek50x0OlRgxryxsenE5XaQD4on5U2inY7RApK3SOJpofyw7uW2AyfMKkhAxXIceo2DeWGVGwyvng1GNQ==}

  uri-js@4.4.1:
    resolution: {integrity: sha512-7rKUyy33Q1yc98pQ1DAmLtwX109F7TIfWlW1Ydo8Wl1ii1SeHieeh0HHfPeL2fMXK6z0s8ecKs9frCuLJvndBg==}

  use-sync-external-store@1.5.0:
    resolution: {integrity: sha512-Rb46I4cGGVBmjamjphe8L/UnvJD+uPPtTkNvX5mZgqdbavhI4EbgIWJiIHXJ8bc/i9EQGPRh4DwEURJ552Do0A==}
    peerDependencies:
      react: ^16.8.0 || ^17.0.0 || ^18.0.0 || ^19.0.0

  uuid@3.4.0:
    resolution: {integrity: sha512-HjSDRw6gZE5JMggctHBcjVak08+KEVhSIiDzFnT9S9aegmp85S/bReBVTb4QTFaRNptJ9kuYaNhnbNEOkbKb/A==}
    deprecated: Please upgrade  to version 7 or higher.  Older versions may use Math.random() in certain circumstances, which is known to be problematic.  See https://v8.dev/blog/math-random for details.
    hasBin: true

  verror@1.10.0:
    resolution: {integrity: sha512-ZZKSmDAEFOijERBLkmYfJ+vmk3w+7hOLYDNkRCuRuMJGEmqYNCNLyBBFwWKVMhfwaEF3WOd0Zlw86U/WC/+nYw==}
    engines: {'0': node >=0.6.0}

  waitress@0.1.5:
    resolution: {integrity: sha512-+Q2lE4kNXu4W/Ik3BVxYsSbt+bdlBNriQuWQ6gXkn5b3Z/qxvC9NKAZSbSy8zVFgFihZPComSbdS0ZpvGq7PNQ==}

  zod@3.24.1:
    resolution: {integrity: sha512-muH7gBL9sI1nciMZV67X5fTKKBLtwpZ5VBp1vsOQzj1MhrBZ4wlVCm3gedKZWLp0Oyel8sIGfeiz54Su+OVT+A==}

  zustand@5.0.8:
    resolution: {integrity: sha512-gyPKpIaxY9XcO2vSMrLbiER7QMAMGOQZVRdJ6Zi782jkbzZygq5GI9nG8g+sMgitRtndwaBSl7uiqC49o1SSiw==}
    engines: {node: '>=12.20.0'}
    peerDependencies:
      '@types/react': '>=18.0.0'
      immer: '>=9.0.6'
      react: '>=18.0.0'
      use-sync-external-store: '>=1.2.0'
    peerDependenciesMeta:
      '@types/react':
        optional: true
      immer:
        optional: true
      react:
        optional: true
      use-sync-external-store:
        optional: true

snapshots:

  '@hookform/resolvers@3.9.1(react-hook-form@7.54.1(react@18.0.0))':
    dependencies:
      react-hook-form: 7.54.1(react@18.0.0)

  '@next/env@14.2.16': {}

  '@next/swc-darwin-arm64@14.2.16':
    optional: true

  '@next/swc-darwin-x64@14.2.16':
    optional: true

  '@next/swc-linux-arm64-gnu@14.2.16':
    optional: true

  '@next/swc-linux-arm64-musl@14.2.16':
    optional: true

  '@next/swc-linux-x64-gnu@14.2.16':
    optional: true

  '@next/swc-linux-x64-musl@14.2.16':
    optional: true

  '@next/swc-win32-arm64-msvc@14.2.16':
    optional: true

  '@next/swc-win32-ia32-msvc@14.2.16':
    optional: true

  '@next/swc-win32-x64-msvc@14.2.16':
    optional: true

  '@react-leaflet/core@2.1.0(leaflet@1.9.4)(react-dom@18.0.0(react@18.0.0))(react@18.0.0)':
    dependencies:
      leaflet: 1.9.4
      react: 18.0.0
      react-dom: 18.0.0(react@18.0.0)

  '@swc/counter@0.1.3': {}

  '@swc/helpers@0.5.5':
    dependencies:
      '@swc/counter': 0.1.3
      tslib: 2.8.1

  '@types/geojson@7946.0.16': {}

  '@types/leaflet@1.9.8':
    dependencies:
      '@types/geojson': 7946.0.16

  '@types/node@22.0.0':
    dependencies:
      undici-types: 6.11.1

  '@types/prop-types@15.7.14': {}

  '@types/react-dom@18.0.0':
    dependencies:
      '@types/react': 18.0.0

  '@types/react@18.0.0':
    dependencies:
      '@types/prop-types': 15.7.14
      '@types/scheduler': 0.26.0
      csstype: 3.1.3

  '@types/scheduler@0.26.0': {}

  ajv@6.12.6:
    dependencies:
      fast-deep-equal: 3.1.3
      fast-json-stable-stringify: 2.1.0
      json-schema-traverse: 0.4.1
      uri-js: 4.4.1

  asn1@0.2.6:
    dependencies:
      safer-buffer: 2.1.2

  assert-plus@1.0.0: {}

  asynckit@0.4.0: {}

  aws-sign2@0.7.0: {}

  aws4@1.13.2: {}

  bcrypt-pbkdf@1.0.2:
    dependencies:
      tweetnacl: 0.14.5

  busboy@1.6.0:
    dependencies:
      streamsearch: 1.1.0

  caniuse-lite@1.0.30001721: {}

  caseless@0.12.0: {}

  check-types@1.3.2: {}

  class-variance-authority@0.7.1:
    dependencies:
      clsx: 2.1.1

  client-only@0.0.1: {}

  clsx@2.1.1: {}

  combined-stream@1.0.8:
    dependencies:
      delayed-stream: 1.0.0

  core-util-is@1.0.2: {}

  csstype@3.1.3: {}

  dashdash@1.14.1:
    dependencies:
      assert-plus: 1.0.0

  delayed-stream@1.0.0: {}

  ecc-jsbn@0.1.2:
    dependencies:
      jsbn: 0.1.1
      safer-buffer: 2.1.2

  extend@3.0.2: {}

  extsprintf@1.3.0: {}

  fast-deep-equal@3.1.3: {}

  fast-json-stable-stringify@2.1.0: {}

  forever-agent@0.6.1: {}

  form-data@2.3.3:
    dependencies:
      asynckit: 0.4.0
      combined-stream: 1.0.8
      mime-types: 2.1.35

  getpass@0.1.7:
    dependencies:
      assert-plus: 1.0.0

  googlemaps@1.12.0:
    dependencies:
      check-types: 1.3.2
      qs: 4.0.0
      request: 2.88.2
      waitress: 0.1.5

  graceful-fs@4.2.11: {}

  har-schema@2.0.0: {}

  har-validator@5.1.5:
    dependencies:
      ajv: 6.12.6
      har-schema: 2.0.0

  http-signature@1.2.0:
    dependencies:
      assert-plus: 1.0.0
      jsprim: 1.4.2
      sshpk: 1.18.0

  immer@10.1.3: {}

  is-typedarray@1.0.0: {}

  isstream@0.1.2: {}

  js-tokens@4.0.0: {}

  jsbn@0.1.1: {}

  json-schema-traverse@0.4.1: {}

  json-schema@0.4.0: {}

  json-stringify-safe@5.0.1: {}

  jsprim@1.4.2:
    dependencies:
      assert-plus: 1.0.0
      extsprintf: 1.3.0
      json-schema: 0.4.0
      verror: 1.10.0

  leaflet@1.9.4: {}

  loose-envify@1.4.0:
    dependencies:
      js-tokens: 4.0.0

  lucide-react@0.454.0(react@18.0.0):
    dependencies:
      react: 18.0.0

  mime-db@1.52.0: {}

  mime-types@2.1.35:
    dependencies:
      mime-db: 1.52.0

  nanoid@3.3.11: {}

  next-themes@0.4.6(react-dom@18.0.0(react@18.0.0))(react@18.0.0):
    dependencies:
      react: 18.0.0
      react-dom: 18.0.0(react@18.0.0)

  next@14.2.16(react-dom@18.0.0(react@18.0.0))(react@18.0.0):
    dependencies:
      '@next/env': 14.2.16
      '@swc/helpers': 0.5.5
      busboy: 1.6.0
      caniuse-lite: 1.0.30001721
      graceful-fs: 4.2.11
      postcss: 8.4.31
      react: 18.0.0
      react-dom: 18.0.0(react@18.0.0)
      styled-jsx: 5.1.1(react@18.0.0)
    optionalDependencies:
      '@next/swc-darwin-arm64': 14.2.16
      '@next/swc-darwin-x64': 14.2.16
      '@next/swc-linux-arm64-gnu': 14.2.16
      '@next/swc-linux-arm64-musl': 14.2.16
      '@next/swc-linux-x64-gnu': 14.2.16
      '@next/swc-linux-x64-musl': 14.2.16
      '@next/swc-win32-arm64-msvc': 14.2.16
      '@next/swc-win32-ia32-msvc': 14.2.16
      '@next/swc-win32-x64-msvc': 14.2.16
    transitivePeerDependencies:
      - '@babel/core'
      - babel-plugin-macros

  oauth-sign@0.9.0: {}

  performance-now@2.1.0: {}

  picocolors@1.1.1: {}

  postcss@8.4.31:
    dependencies:
      nanoid: 3.3.11
      picocolors: 1.1.1
      source-map-js: 1.2.1

  postcss@8.5.4:
    dependencies:
      nanoid: 3.3.11
      picocolors: 1.1.1
      source-map-js: 1.2.1

  psl@1.15.0:
    dependencies:
      punycode: 2.3.1

  punycode@2.3.1: {}

  qs@4.0.0: {}

  qs@6.5.3: {}

  react-dom@18.0.0(react@18.0.0):
    dependencies:
      loose-envify: 1.4.0
      react: 18.0.0
      scheduler: 0.21.0

  react-hook-form@7.54.1(react@18.0.0):
    dependencies:
      react: 18.0.0

  react-leaflet@4.2.1(leaflet@1.9.4)(react-dom@18.0.0(react@18.0.0))(react@18.0.0):
    dependencies:
      '@react-leaflet/core': 2.1.0(leaflet@1.9.4)(react-dom@18.0.0(react@18.0.0))(react@18.0.0)
      leaflet: 1.9.4
      react: 18.0.0
      react-dom: 18.0.0(react@18.0.0)

  react@18.0.0:
    dependencies:
      loose-envify: 1.4.0

  request@2.88.2:
    dependencies:
      aws-sign2: 0.7.0
      aws4: 1.13.2
      caseless: 0.12.0
      combined-stream: 1.0.8
      extend: 3.0.2
      forever-agent: 0.6.1
      form-data: 2.3.3
      har-validator: 5.1.5
      http-signature: 1.2.0
      is-typedarray: 1.0.0
      isstream: 0.1.2
      json-stringify-safe: 5.0.1
      mime-types: 2.1.35
      oauth-sign: 0.9.0
      performance-now: 2.1.0
      qs: 6.5.3
      safe-buffer: 5.2.1
      tough-cookie: 2.5.0
      tunnel-agent: 0.6.0
      uuid: 3.4.0

  safe-buffer@5.2.1: {}

  safer-buffer@2.1.2: {}

  scheduler@0.21.0:
    dependencies:
      loose-envify: 1.4.0

  sonner@2.0.7(react-dom@18.0.0(react@18.0.0))(react@18.0.0):
    dependencies:
      react: 18.0.0
      react-dom: 18.0.0(react@18.0.0)

  source-map-js@1.2.1: {}

  sshpk@1.18.0:
    dependencies:
      asn1: 0.2.6
      assert-plus: 1.0.0
      bcrypt-pbkdf: 1.0.2
      dashdash: 1.14.1
      ecc-jsbn: 0.1.2
      getpass: 0.1.7
      jsbn: 0.1.1
      safer-buffer: 2.1.2
      tweetnacl: 0.14.5

  streamsearch@1.1.0: {}

  styled-jsx@5.1.1(react@18.0.0):
    dependencies:
      client-only: 0.0.1
      react: 18.0.0

  tailwind-merge@2.5.5: {}

  tailwindcss-animate@1.0.7(tailwindcss@4.1.13):
    dependencies:
      tailwindcss: 4.1.13

  tailwindcss@4.1.13: {}

  tough-cookie@2.5.0:
    dependencies:
      psl: 1.15.0
      punycode: 2.3.1

  tslib@2.8.1: {}

  tunnel-agent@0.6.0:
    dependencies:
      safe-buffer: 5.2.1

  tweetnacl@0.14.5: {}

  typescript@5.0.2: {}

  undici-types@6.11.1: {}

  uri-js@4.4.1:
    dependencies:
      punycode: 2.3.1

  use-sync-external-store@1.5.0(react@18.0.0):
    dependencies:
      react: 18.0.0

  uuid@3.4.0: {}

  verror@1.10.0:
    dependencies:
      assert-plus: 1.0.0
      core-util-is: 1.0.2
      extsprintf: 1.3.0

  waitress@0.1.5: {}

  zod@3.24.1: {}

  zustand@5.0.8(@types/react@18.0.0)(immer@10.1.3)(react@18.0.0)(use-sync-external-store@1.5.0(react@18.0.0)):
    optionalDependencies:
      '@types/react': 18.0.0
      immer: 10.1.3
      react: 18.0.0
      use-sync-external-store: 1.5.0(react@18.0.0)
